// !$*UTF8*$!
{
	archiveVersion = 1;
	classes = {
	};
	objectVersion = 50;
	objects = {

/* Begin PBXBuildFile section */
		97964E6720EB69E5009F7D47 /* AppDelegate.swift in Sources */ = {isa = PBXBuildFile; fileRef = 97964E6620EB69E5009F7D47 /* AppDelegate.swift */; };
		97964E6E20EB69E6009F7D47 /* Assets.xcassets in Resources */ = {isa = PBXBuildFile; fileRef = 97964E6D20EB69E6009F7D47 /* Assets.xcassets */; };
		97964E7120EB69E6009F7D47 /* LaunchScreen.storyboard in Resources */ = {isa = PBXBuildFile; fileRef = 97964E6F20EB69E6009F7D47 /* LaunchScreen.storyboard */; };
		97964E7920EB6A0F009F7D47 /* MosaicViewController.swift in Sources */ = {isa = PBXBuildFile; fileRef = 97964E7820EB6A0F009F7D47 /* MosaicViewController.swift */; };
		97964E7B20EB6B71009F7D47 /* MosaicCollectionViewLayout.swift in Sources */ = {isa = PBXBuildFile; fileRef = 97964E7A20EB6B71009F7D47 /* MosaicCollectionViewLayout.swift */; };
		97964E7D20EB7AE7009F7D47 /* MosaicCollectionViewCell.swift in Sources */ = {isa = PBXBuildFile; fileRef = 97964E7C20EB7AE7009F7D47 /* MosaicCollectionViewCell.swift */; };
		97964E7F20EB7F99009F7D47 /* ImageLoader.swift in Sources */ = {isa = PBXBuildFile; fileRef = 97964E7E20EB7F99009F7D47 /* ImageLoader.swift */; };
/* End PBXBuildFile section */

/* Begin PBXFileReference section */
		97964E6320EB69E5009F7D47 /* Mosaic.app */ = {isa = PBXFileReference; explicitFileType = wrapper.application; includeInIndex = 0; path = Mosaic.app; sourceTree = BUILT_PRODUCTS_DIR; };
		97964E6620EB69E5009F7D47 /* AppDelegate.swift */ = {isa = PBXFileReference; lastKnownFileType = sourcecode.swift; path = AppDelegate.swift; sourceTree = "<group>"; };
		97964E6D20EB69E6009F7D47 /* Assets.xcassets */ = {isa = PBXFileReference; lastKnownFileType = folder.assetcatalog; path = Assets.xcassets; sourceTree = "<group>"; };
		97964E7020EB69E6009F7D47 /* Base */ = {isa = PBXFileReference; lastKnownFileType = file.storyboard; name = Base; path = Base.lproj/LaunchScreen.storyboard; sourceTree = "<group>"; };
		97964E7220EB69E6009F7D47 /* Info.plist */ = {isa = PBXFileReference; lastKnownFileType = text.plist.xml; path = Info.plist; sourceTree = "<group>"; };
		97964E7820EB6A0F009F7D47 /* MosaicViewController.swift */ = {isa = PBXFileReference; lastKnownFileType = sourcecode.swift; path = MosaicViewController.swift; sourceTree = "<group>"; };
		97964E7A20EB6B71009F7D47 /* MosaicCollectionViewLayout.swift */ = {isa = PBXFileReference; lastKnownFileType = sourcecode.swift; path = MosaicCollectionViewLayout.swift; sourceTree = "<group>"; };
		97964E7C20EB7AE7009F7D47 /* MosaicCollectionViewCell.swift */ = {isa = PBXFileReference; lastKnownFileType = sourcecode.swift; path = MosaicCollectionViewCell.swift; sourceTree = "<group>"; };
		97964E7E20EB7F99009F7D47 /* ImageLoader.swift */ = {isa = PBXFileReference; lastKnownFileType = sourcecode.swift; path = ImageLoader.swift; sourceTree = "<group>"; };
/* End PBXFileReference section */

/* Begin PBXFrameworksBuildPhase section */
		97964E6020EB69E5009F7D47 /* Frameworks */ = {
			isa = PBXFrameworksBuildPhase;
			buildActionMask = 2147483647;
			files = (
			);
			runOnlyForDeploymentPostprocessing = 0;
		};
/* End PBXFrameworksBuildPhase section */

/* Begin PBXGroup section */
		97964E5A20EB69E5009F7D47 = {
			isa = PBXGroup;
			children = (
				97964E6520EB69E5009F7D47 /* Mosaic */,
				97964E6420EB69E5009F7D47 /* Products */,
			);
			sourceTree = "<group>";
		};
		97964E6420EB69E5009F7D47 /* Products */ = {
			isa = PBXGroup;
			children = (
				97964E6320EB69E5009F7D47 /* Mosaic.app */,
			);
			name = Products;
			sourceTree = "<group>";
		};
		97964E6520EB69E5009F7D47 /* Mosaic */ = {
			isa = PBXGroup;
			children = (
				97964E6620EB69E5009F7D47 /* AppDelegate.swift */,
				97964E7820EB6A0F009F7D47 /* MosaicViewController.swift */,
				97964E7A20EB6B71009F7D47 /* MosaicCollectionViewLayout.swift */,
				97964E6D20EB69E6009F7D47 /* Assets.xcassets */,
				97964E6F20EB69E6009F7D47 /* LaunchScreen.storyboard */,
				97964E7220EB69E6009F7D47 /* Info.plist */,
				97964E7C20EB7AE7009F7D47 /* MosaicCollectionViewCell.swift */,
				97964E7E20EB7F99009F7D47 /* ImageLoader.swift */,
			);
			path = Mosaic;
			sourceTree = "<group>";
		};
/* End PBXGroup section */

/* Begin PBXNativeTarget section */
		97964E6220EB69E5009F7D47 /* Mosaic */ = {
			isa = PBXNativeTarget;
			buildConfigurationList = 97964E7520EB69E6009F7D47 /* Build configuration list for PBXNativeTarget "Mosaic" */;
			buildPhases = (
				97964E5F20EB69E5009F7D47 /* Sources */,
				97964E6020EB69E5009F7D47 /* Frameworks */,
				97964E6120EB69E5009F7D47 /* Resources */,
			);
			buildRules = (
			);
			dependencies = (
			);
			name = Mosaic;
			productName = Mosaic;
			productReference = 97964E6320EB69E5009F7D47 /* Mosaic.app */;
			productType = "com.apple.product-type.application";
		};
/* End PBXNativeTarget section */

/* Begin PBXProject section */
		97964E5B20EB69E5009F7D47 /* Project object */ = {
			isa = PBXProject;
			attributes = {
				LastSwiftUpdateCheck = 1000;
				LastUpgradeCheck = 1000;
				ORGANIZATIONNAME = "Donny Wals";
				TargetAttributes = {
					97964E6220EB69E5009F7D47 = {
						CreatedOnToolsVersion = 10.0;
					};
				};
			};
			buildConfigurationList = 97964E5E20EB69E5009F7D47 /* Build configuration list for PBXProject "Mosaic" */;
			compatibilityVersion = "Xcode 9.3";
			developmentRegion = en;
			hasScannedForEncodings = 0;
			knownRegions = (
				en,
				Base,
			);
			mainGroup = 97964E5A20EB69E5009F7D47;
			productRefGroup = 97964E6420EB69E5009F7D47 /* Products */;
			projectDirPath = "";
			projectRoot = "";
			targets = (
				97964E6220EB69E5009F7D47 /* Mosaic */,
			);
		};
/* End PBXProject section */

/* Begin PBXResourcesBuildPhase section */
		97964E6120EB69E5009F7D47 /* Resources */ = {
			isa = PBXResourcesBuildPhase;
			buildActionMask = 2147483647;
			files = (
				97964E7120EB69E6009F7D47 /* LaunchScreen.storyboard in Resources */,
				97964E6E20EB69E6009F7D47 /* Assets.xcassets in Resources */,
			);
			runOnlyForDeploymentPostprocessing = 0;
		};
/* End PBXResourcesBuildPhase section */

/* Begin PBXSourcesBuildPhase section */
		97964E5F20EB69E5009F7D47 /* Sources */ = {
			isa = PBXSourcesBuildPhase;
			buildActionMask = 2147483647;
			files = (
				97964E7D20EB7AE7009F7D47 /* MosaicCollectionViewCell.swift in Sources */,
				97964E7B20EB6B71009F7D47 /* MosaicCollectionViewLayout.swift in Sources */,
				97964E7F20EB7F99009F7D47 /* ImageLoader.swift in Sources */,
				97964E7920EB6A0F009F7D47 /* MosaicViewController.swift in Sources */,
				97964E6720EB69E5009F7D47 /* AppDelegate.swift in Sources */,
			);
			runOnlyForDeploymentPostprocessing = 0;
		};
/* End PBXSourcesBuildPhase section */

/* Begin PBXVariantGroup section */
		97964E6F20EB69E6009F7D47 /* LaunchScreen.storyboard */ = {
			isa = PBXVariantGroup;
			children = (
				97964E7020EB69E6009F7D47 /* Base */,
			);
			name = LaunchScreen.storyboard;
			sourceTree = "<group>";
		};
/* End PBXVariantGroup section */

/* Begin XCBuildConfiguration section */
		97964E7320EB69E6009F7D47 /* Debug */ = {
			isa = XCBuildConfiguration;
			buildSettings = {
				ALWAYS_SEARCH_USER_PATHS = NO;
				CLANG_ANALYZER_NONNULL = YES;
				CLANG_ANALYZER_NUMBER_OBJECT_CONVERSION = YES_AGGRESSIVE;
				CLANG_CXX_LANGUAGE_STANDARD = "gnu++14";
				CLANG_CXX_LIBRARY = "libc++";
				CLANG_ENABLE_MODULES = YES;
				CLANG_ENABLE_OBJC_ARC = YES;
				CLANG_ENABLE_OBJC_WEAK = YES;
				CLANG_WARN_BLOCK_CAPTURE_AUTORELEASING = YES;
				CLANG_WARN_BOOL_CONVERSION = YES;
				CLANG_WARN_COMMA = YES;
				CLANG_WARN_CONSTANT_CONVERSION = YES;
				CLANG_WARN_DEPRECATED_OBJC_IMPLEMENTATIONS = YES;
				CLANG_WARN_DIRECT_OBJC_ISA_USAGE = YES_ERROR;
				CLANG_WARN_DOCUMENTATION_COMMENTS = YES;
				CLANG_WARN_EMPTY_BODY = YES;
				CLANG_WARN_ENUM_CONVERSION = YES;
				CLANG_WARN_INFINITE_RECURSION = YES;
				CLANG_WARN_INT_CONVERSION = YES;
				CLANG_WARN_NON_LITERAL_NULL_CONVERSION = YES;
				CLANG_WARN_OBJC_IMPLICIT_RETAIN_SELF = YES;
				CLANG_WARN_OBJC_LITERAL_CONVERSION = YES;
				CLANG_WARN_OBJC_ROOT_CLASS = YES_ERROR;
				CLANG_WARN_RANGE_LOOP_ANALYSIS = YES;
				CLANG_WARN_STRICT_PROTOTYPES = YES;
				CLANG_WARN_SUSPICIOUS_MOVE = YES;
				CLANG_WARN_UNGUARDED_AVAILABILITY = YES_AGGRESSIVE;
				CLANG_WARN_UNREACHABLE_CODE = YES;
				CLANG_WARN__DUPLICATE_METHOD_MATCH = YES;
				CODE_SIGN_IDENTITY = "iPhone Developer";
				COPY_PHASE_STRIP = NO;
				DEBUG_INFORMATION_FORMAT = dwarf;
				ENABLE_STRICT_OBJC_MSGSEND = YES;
				ENABLE_TESTABILITY = YES;
				GCC_C_LANGUAGE_STANDARD = gnu11;
				GCC_DYNAMIC_NO_PIC = NO;
				GCC_NO_COMMON_BLOCKS = YES;
				GCC_OPTIMIZATION_LEVEL = 0;
				GCC_PREPROCESSOR_DEFINITIONS = (
					"DEBUG=1",
					"$(inherited)",
				);
				GCC_WARN_64_TO_32_BIT_CONVERSION = YES;
				GCC_WARN_ABOUT_RETURN_TYPE = YES_ERROR;
				GCC_WARN_UNDECLARED_SELECTOR = YES;
				GCC_WARN_UNINITIALIZED_AUTOS = YES_AGGRESSIVE;
				GCC_WARN_UNUSED_FUNCTION = YES;
				GCC_WARN_UNUSED_VARIABLE = YES;
				IPHONEOS_DEPLOYMENT_TARGET = 12.0;
				MTL_ENABLE_DEBUG_INFO = INCLUDE_SOURCE;
				ONLY_ACTIVE_ARCH = YES;
				SDKROOT = iphoneos;
				SWIFT_ACTIVE_COMPILATION_CONDITIONS = DEBUG;
				SWIFT_OPTIMIZATION_LEVEL = "-Onone";
			};
			name = Debug;
		};
		97964E7420EB69E6009F7D47 /* Release */ = {
			isa = XCBuildConfiguration;
			buildSettings = {
				ALWAYS_SEARCH_USER_PATHS = NO;
				CLANG_ANALYZER_NONNULL = YES;
				CLANG_ANALYZER_NUMBER_OBJECT_CONVERSION = YES_AGGRESSIVE;
				CLANG_CXX_LANGUAGE_STANDARD = "gnu++14";
				CLANG_CXX_LIBRARY = "libc++";
				CLANG_ENABLE_MODULES = YES;
				CLANG_ENABLE_OBJC_ARC = YES;
				CLANG_ENABLE_OBJC_WEAK = YES;
				CLANG_WARN_BLOCK_CAPTURE_AUTORELEASING = YES;
				CLANG_WARN_BOOL_CONVERSION = YES;
				CLANG_WARN_COMMA = YES;
				CLANG_WARN_CONSTANT_CONVERSION = YES;
				CLANG_WARN_DEPRECATED_OBJC_IMPLEMENTATIONS = YES;
				CLANG_WARN_DIRECT_OBJC_ISA_USAGE = YES_ERROR;
				CLANG_WARN_DOCUMENTATION_COMMENTS = YES;
				CLANG_WARN_EMPTY_BODY = YES;
				CLANG_WARN_ENUM_CONVERSION = YES;
				CLANG_WARN_INFINITE_RECURSION = YES;
				CLANG_WARN_INT_CONVERSION = YES;
				CLANG_WARN_NON_LITERAL_NULL_CONVERSION = YES;
				CLANG_WARN_OBJC_IMPLICIT_RETAIN_SELF = YES;
				CLANG_WARN_OBJC_LITERAL_CONVERSION = YES;
				CLANG_WARN_OBJC_ROOT_CLASS = YES_ERROR;
				CLANG_WARN_RANGE_LOOP_ANALYSIS = YES;
				CLANG_WARN_STRICT_PROTOTYPES = YES;
				CLANG_WARN_SUSPICIOUS_MOVE = YES;
				CLANG_WARN_UNGUARDED_AVAILABILITY = YES_AGGRESSIVE;
				CLANG_WARN_UNREACHABLE_CODE = YES;
				CLANG_WARN__DUPLICATE_METHOD_MATCH = YES;
				CODE_SIGN_IDENTITY = "iPhone Developer";
				COPY_PHASE_STRIP = NO;
				DEBUG_INFORMATION_FORMAT = "dwarf-with-dsym";
				ENABLE_NS_ASSERTIONS = NO;
				ENABLE_STRICT_OBJC_MSGSEND = YES;
				GCC_C_LANGUAGE_STANDARD = gnu11;
				GCC_NO_COMMON_BLOCKS = YES;
				GCC_WARN_64_TO_32_BIT_CONVERSION = YES;
				GCC_WARN_ABOUT_RETURN_TYPE = YES_ERROR;
				GCC_WARN_UNDECLARED_SELECTOR = YES;
				GCC_WARN_UNINITIALIZED_AUTOS = YES_AGGRESSIVE;
				GCC_WARN_UNUSED_FUNCTION = YES;
				GCC_WARN_UNUSED_VARIABLE = YES;
				IPHONEOS_DEPLOYMENT_TARGET = 12.0;
				MTL_ENABLE_DEBUG_INFO = NO;
				SDKROOT = iphoneos;
				SWIFT_COMPILATION_MODE = wholemodule;
				SWIFT_OPTIMIZATION_LEVEL = "-O";
				VALIDATE_PRODUCT = YES;
			};
			name = Release;
		};
		97964E7620EB69E6009F7D47 /* Debug */ = {
			isa = XCBuildConfiguration;
			buildSettings = {
				ASSETCATALOG_COMPILER_APPICON_NAME = AppIcon;
				CODE_SIGN_STYLE = Automatic;
				DEVELOPMENT_TEAM = 4JMM8JMG3H;
				INFOPLIST_FILE = Mosaic/Info.plist;
				LD_RUNPATH_SEARCH_PATHS = (
					"$(inherited)",
					"@executable_path/Frameworks",
				);
				PRODUCT_BUNDLE_IDENTIFIER = com.donnywals.Mosaic;
				PRODUCT_NAME = "$(TARGET_NAME)";
				SWIFT_VERSION = 4.2;
				TARGETED_DEVICE_FAMILY = "1,2";
			};
			name = Debug;
		};
		97964E7720EB69E6009F7D47 /* Release */ = {
			isa = XCBuildConfiguration;
			buildSettings = {
				ASSETCATALOG_COMPILER_APPICON_NAME = AppIcon;
				CODE_SIGN_STYLE = Automatic;
				DEVELOPMENT_TEAM = 4JMM8JMG3H;
				INFOPLIST_FILE = Mosaic/Info.plist;
				LD_RUNPATH_SEARCH_PATHS = (
					"$(inherited)",
					"@executable_path/Frameworks",
				);
				PRODUCT_BUNDLE_IDENTIFIER = com.donnywals.Mosaic;
				PRODUCT_NAME = "$(TARGET_NAME)";
				SWIFT_VERSION = 4.2;
				TARGETED_DEVICE_FAMILY = "1,2";
			};
			name = Release;
		};
/* End XCBuildConfiguration section */

/* Begin XCConfigurationList section */
		97964E5E20EB69E5009F7D47 /* Build configuration list for PBXProject "Mosaic" */ = {
			isa = XCConfigurationList;
			buildConfigurations = (
				97964E7320EB69E6009F7D47 /* Debug */,
				97964E7420EB69E6009F7D47 /* Release */,
			);
			defaultConfigurationIsVisible = 0;
			defaultConfigurationName = Release;
		};
		97964E7520EB69E6009F7D47 /* Build configuration list for PBXNativeTarget "Mosaic" */ = {
			isa = XCConfigurationList;
			buildConfigurations = (
				97964E7620EB69E6009F7D47 /* Debug */,
				97964E7720EB69E6009F7D47 /* Release */,
			);
			defaultConfigurationIsVisible = 0;
			defaultConfigurationName = Release;
		};
/* End XCConfigurationList section */
	};
	rootObject = 97964E5B20EB69E5009F7D47 /* Project object */;
}
